// !$*UTF8*$!
{
	archiveVersion = 1;
	classes = {
	};
	objectVersion = 51;
	objects = {

/* Begin PBXBuildFile section */
		9FDD9A92832B9A030C62704A /* Pods_ElMohaseb_Soft.framework in Frameworks */ = {isa = PBXBuildFile; fileRef = FCD924432FDE74A1206CEAD7 /* Pods_ElMohaseb_Soft.framework */; };
		D3355201254EC1DE00F3732A /* ReseteCell.swift in Sources */ = {isa = PBXBuildFile; fileRef = D33551FF254EC1DE00F3732A /* ReseteCell.swift */; };
		D3355202254EC1DE00F3732A /* ReseteCell.xib in Resources */ = {isa = PBXBuildFile; fileRef = D3355200254EC1DE00F3732A /* ReseteCell.xib */; };
		D3355205254ED0C700F3732A /* Tools.swift in Sources */ = {isa = PBXBuildFile; fileRef = D3355204254ED0C700F3732A /* Tools.swift */; };
		D3355207254ED1A700F3732A /* SalesHomeViewController.swift in Sources */ = {isa = PBXBuildFile; fileRef = D3355206254ED1A700F3732A /* SalesHomeViewController.swift */; };
		D3355209254ED1D200F3732A /* HomeSalesView.swift in Sources */ = {isa = PBXBuildFile; fileRef = D3355208254ED1D200F3732A /* HomeSalesView.swift */; };
		D335520C254ED36900F3732A /* Reports.swift in Sources */ = {isa = PBXBuildFile; fileRef = D335520B254ED36900F3732A /* Reports.swift */; };
		D335520E254EE20900F3732A /* AddSaleViewController.swift in Sources */ = {isa = PBXBuildFile; fileRef = D335520D254EE20900F3732A /* AddSaleViewController.swift */; };
		D3355210254EE23000F3732A /* AddSaleView.swift in Sources */ = {isa = PBXBuildFile; fileRef = D335520F254EE23000F3732A /* AddSaleView.swift */; };
		D3355212254EE9A300F3732A /* color.swift in Sources */ = {isa = PBXBuildFile; fileRef = D3355211254EE9A300F3732A /* color.swift */; };
		D3355215254F220B00F3732A /* ProductsCell.swift in Sources */ = {isa = PBXBuildFile; fileRef = D3355213254F220B00F3732A /* ProductsCell.swift */; };
		D3355216254F220B00F3732A /* ProductsCell.xib in Resources */ = {isa = PBXBuildFile; fileRef = D3355214254F220B00F3732A /* ProductsCell.xib */; };
		D3355218254F248700F3732A /* Products.swift in Sources */ = {isa = PBXBuildFile; fileRef = D3355217254F248700F3732A /* Products.swift */; };
		D335521A254F383500F3732A /* AddProductsViewController.swift in Sources */ = {isa = PBXBuildFile; fileRef = D3355219254F383500F3732A /* AddProductsViewController.swift */; };
		D335521C254F385600F3732A /* AddProductsView.swift in Sources */ = {isa = PBXBuildFile; fileRef = D335521B254F385600F3732A /* AddProductsView.swift */; };
		D34C7F342552CAB800123868 /* GoogleService-Info.plist in Resources */ = {isa = PBXBuildFile; fileRef = D34C7F332552CAB800123868 /* GoogleService-Info.plist */; };
		D34C7F372552DCBD00123868 /* Firebase.swift in Sources */ = {isa = PBXBuildFile; fileRef = D34C7F362552DCBD00123868 /* Firebase.swift */; };
		D35DF956255FC1B80070C1DC /* AmmountProducts.swift in Sources */ = {isa = PBXBuildFile; fileRef = D35DF955255FC1B70070C1DC /* AmmountProducts.swift */; };
		D35FFD4B254D7C51006F8654 /* AppDelegate.swift in Sources */ = {isa = PBXBuildFile; fileRef = D35FFD4A254D7C51006F8654 /* AppDelegate.swift */; };
		D35FFD4F254D7C51006F8654 /* HomeViewController.swift in Sources */ = {isa = PBXBuildFile; fileRef = D35FFD4E254D7C51006F8654 /* HomeViewController.swift */; };
		D35FFD52254D7C51006F8654 /* Main.storyboard in Resources */ = {isa = PBXBuildFile; fileRef = D35FFD50254D7C51006F8654 /* Main.storyboard */; };
		D35FFD55254D7C51006F8654 /* ElMohaseb_Soft.xcdatamodeld in Sources */ = {isa = PBXBuildFile; fileRef = D35FFD53254D7C51006F8654 /* ElMohaseb_Soft.xcdatamodeld */; };
		D35FFD57254D7C66006F8654 /* Assets.xcassets in Resources */ = {isa = PBXBuildFile; fileRef = D35FFD56254D7C66006F8654 /* Assets.xcassets */; };
		D35FFD5A254D7C66006F8654 /* LaunchScreen.storyboard in Resources */ = {isa = PBXBuildFile; fileRef = D35FFD58254D7C66006F8654 /* LaunchScreen.storyboard */; };
		D37F04F32551A62600745E03 /* LoginViewController.swift in Sources */ = {isa = PBXBuildFile; fileRef = D37F04F22551A62600745E03 /* LoginViewController.swift */; };
		D37F04F52551A64100745E03 /* LoginView.swift in Sources */ = {isa = PBXBuildFile; fileRef = D37F04F42551A64100745E03 /* LoginView.swift */; };
		D37F04F72551A7C900745E03 /* SignupViewController.swift in Sources */ = {isa = PBXBuildFile; fileRef = D37F04F62551A7C900745E03 /* SignupViewController.swift */; };
		D37F04F92551A7DB00745E03 /* SignupView.swift in Sources */ = {isa = PBXBuildFile; fileRef = D37F04F82551A7DB00745E03 /* SignupView.swift */; };
		D381ED6E2572966200420E71 /* BuyingViewController.swift in Sources */ = {isa = PBXBuildFile; fileRef = D381ED6D2572966200420E71 /* BuyingViewController.swift */; };
		D381ED71257296A100420E71 /* BuyingView.swift in Sources */ = {isa = PBXBuildFile; fileRef = D381ED70257296A100420E71 /* BuyingView.swift */; };
		D3E62D0825779AD1007E674C /* AddBuyingViewController.swift in Sources */ = {isa = PBXBuildFile; fileRef = D3E62D0725779AD0007E674C /* AddBuyingViewController.swift */; };
		D3E62D0B25779D2B007E674C /* AddBuyingView.swift in Sources */ = {isa = PBXBuildFile; fileRef = D3E62D0A25779D2B007E674C /* AddBuyingView.swift */; };
		D3E62D0E2577A17E007E674C /* AddBuyingProductsViewController.swift in Sources */ = {isa = PBXBuildFile; fileRef = D3E62D0D2577A17E007E674C /* AddBuyingProductsViewController.swift */; };
		D3E62D112577A2E2007E674C /* AddBuyingProductsView.swift in Sources */ = {isa = PBXBuildFile; fileRef = D3E62D102577A2E2007E674C /* AddBuyingProductsView.swift */; };
/* End PBXBuildFile section */

/* Begin PBXFileReference section */
		9F6644746E90C0585E46BF72 /* Pods-ElMohaseb Soft.debug.xcconfig */ = {isa = PBXFileReference; includeInIndex = 1; lastKnownFileType = text.xcconfig; name = "Pods-ElMohaseb Soft.debug.xcconfig"; path = "Target Support Files/Pods-ElMohaseb Soft/Pods-ElMohaseb Soft.debug.xcconfig"; sourceTree = "<group>"; };
		D33551FF254EC1DE00F3732A /* ReseteCell.swift */ = {isa = PBXFileReference; lastKnownFileType = sourcecode.swift; path = ReseteCell.swift; sourceTree = "<group>"; };
		D3355200254EC1DE00F3732A /* ReseteCell.xib */ = {isa = PBXFileReference; lastKnownFileType = file.xib; path = ReseteCell.xib; sourceTree = "<group>"; };
		D3355204254ED0C700F3732A /* Tools.swift */ = {isa = PBXFileReference; lastKnownFileType = sourcecode.swift; path = Tools.swift; sourceTree = "<group>"; };
		D3355206254ED1A700F3732A /* SalesHomeViewController.swift */ = {isa = PBXFileReference; lastKnownFileType = sourcecode.swift; path = SalesHomeViewController.swift; sourceTree = "<group>"; };
		D3355208254ED1D200F3732A /* HomeSalesView.swift */ = {isa = PBXFileReference; lastKnownFileType = sourcecode.swift; path = HomeSalesView.swift; sourceTree = "<group>"; };
		D335520B254ED36900F3732A /* Reports.swift */ = {isa = PBXFileReference; lastKnownFileType = sourcecode.swift; path = Reports.swift; sourceTree = "<group>"; };
		D335520D254EE20900F3732A /* AddSaleViewController.swift */ = {isa = PBXFileReference; lastKnownFileType = sourcecode.swift; path = AddSaleViewController.swift; sourceTree = "<group>"; };
		D335520F254EE23000F3732A /* AddSaleView.swift */ = {isa = PBXFileReference; lastKnownFileType = sourcecode.swift; path = AddSaleView.swift; sourceTree = "<group>"; };
		D3355211254EE9A300F3732A /* color.swift */ = {isa = PBXFileReference; lastKnownFileType = sourcecode.swift; path = color.swift; sourceTree = "<group>"; };
		D3355213254F220B00F3732A /* ProductsCell.swift */ = {isa = PBXFileReference; lastKnownFileType = sourcecode.swift; path = ProductsCell.swift; sourceTree = "<group>"; };
		D3355214254F220B00F3732A /* ProductsCell.xib */ = {isa = PBXFileReference; lastKnownFileType = file.xib; path = ProductsCell.xib; sourceTree = "<group>"; };
		D3355217254F248700F3732A /* Products.swift */ = {isa = PBXFileReference; lastKnownFileType = sourcecode.swift; path = Products.swift; sourceTree = "<group>"; };
		D3355219254F383500F3732A /* AddProductsViewController.swift */ = {isa = PBXFileReference; lastKnownFileType = sourcecode.swift; path = AddProductsViewController.swift; sourceTree = "<group>"; };
		D335521B254F385600F3732A /* AddProductsView.swift */ = {isa = PBXFileReference; lastKnownFileType = sourcecode.swift; path = AddProductsView.swift; sourceTree = "<group>"; };
		D34C7F332552CAB800123868 /* GoogleService-Info.plist */ = {isa = PBXFileReference; fileEncoding = 4; lastKnownFileType = text.plist.xml; path = "GoogleService-Info.plist"; sourceTree = "<group>"; };
		D34C7F362552DCBD00123868 /* Firebase.swift */ = {isa = PBXFileReference; lastKnownFileType = sourcecode.swift; path = Firebase.swift; sourceTree = "<group>"; };
		D35DF955255FC1B70070C1DC /* AmmountProducts.swift */ = {isa = PBXFileReference; lastKnownFileType = sourcecode.swift; path = AmmountProducts.swift; sourceTree = "<group>"; };
		D35FFD47254D7C51006F8654 /* ElMohaseb Soft.app */ = {isa = PBXFileReference; explicitFileType = wrapper.application; includeInIndex = 0; path = "ElMohaseb Soft.app"; sourceTree = BUILT_PRODUCTS_DIR; };
		D35FFD4A254D7C51006F8654 /* AppDelegate.swift */ = {isa = PBXFileReference; lastKnownFileType = sourcecode.swift; path = AppDelegate.swift; sourceTree = "<group>"; };
		D35FFD4E254D7C51006F8654 /* HomeViewController.swift */ = {isa = PBXFileReference; lastKnownFileType = sourcecode.swift; path = HomeViewController.swift; sourceTree = "<group>"; };
		D35FFD51254D7C51006F8654 /* Base */ = {isa = PBXFileReference; lastKnownFileType = file.storyboard; name = Base; path = Base.lproj/Main.storyboard; sourceTree = "<group>"; };
		D35FFD54254D7C51006F8654 /* ElMohaseb_Soft.xcdatamodel */ = {isa = PBXFileReference; lastKnownFileType = wrapper.xcdatamodel; path = ElMohaseb_Soft.xcdatamodel; sourceTree = "<group>"; };
		D35FFD56254D7C66006F8654 /* Assets.xcassets */ = {isa = PBXFileReference; lastKnownFileType = folder.assetcatalog; path = Assets.xcassets; sourceTree = "<group>"; };
		D35FFD59254D7C66006F8654 /* Base */ = {isa = PBXFileReference; lastKnownFileType = file.storyboard; name = Base; path = Base.lproj/LaunchScreen.storyboard; sourceTree = "<group>"; };
		D35FFD5B254D7C66006F8654 /* Info.plist */ = {isa = PBXFileReference; lastKnownFileType = text.plist.xml; path = Info.plist; sourceTree = "<group>"; };
		D37F04F22551A62600745E03 /* LoginViewController.swift */ = {isa = PBXFileReference; lastKnownFileType = sourcecode.swift; path = LoginViewController.swift; sourceTree = "<group>"; };
		D37F04F42551A64100745E03 /* LoginView.swift */ = {isa = PBXFileReference; lastKnownFileType = sourcecode.swift; path = LoginView.swift; sourceTree = "<group>"; };
		D37F04F62551A7C900745E03 /* SignupViewController.swift */ = {isa = PBXFileReference; lastKnownFileType = sourcecode.swift; path = SignupViewController.swift; sourceTree = "<group>"; };
		D37F04F82551A7DB00745E03 /* SignupView.swift */ = {isa = PBXFileReference; lastKnownFileType = sourcecode.swift; path = SignupView.swift; sourceTree = "<group>"; };
		D381ED6D2572966200420E71 /* BuyingViewController.swift */ = {isa = PBXFileReference; lastKnownFileType = sourcecode.swift; path = BuyingViewController.swift; sourceTree = "<group>"; };
		D381ED70257296A100420E71 /* BuyingView.swift */ = {isa = PBXFileReference; lastKnownFileType = sourcecode.swift; path = BuyingView.swift; sourceTree = "<group>"; };
		D3E62D0725779AD0007E674C /* AddBuyingViewController.swift */ = {isa = PBXFileReference; lastKnownFileType = sourcecode.swift; path = AddBuyingViewController.swift; sourceTree = "<group>"; };
		D3E62D0A25779D2B007E674C /* AddBuyingView.swift */ = {isa = PBXFileReference; lastKnownFileType = sourcecode.swift; path = AddBuyingView.swift; sourceTree = "<group>"; };
		D3E62D0D2577A17E007E674C /* AddBuyingProductsViewController.swift */ = {isa = PBXFileReference; lastKnownFileType = sourcecode.swift; path = AddBuyingProductsViewController.swift; sourceTree = "<group>"; };
		D3E62D102577A2E2007E674C /* AddBuyingProductsView.swift */ = {isa = PBXFileReference; lastKnownFileType = sourcecode.swift; path = AddBuyingProductsView.swift; sourceTree = "<group>"; };
		E404D5B0FED93E2E7FF86B4C /* Pods-ElMohaseb Soft.release.xcconfig */ = {isa = PBXFileReference; includeInIndex = 1; lastKnownFileType = text.xcconfig; name = "Pods-ElMohaseb Soft.release.xcconfig"; path = "Target Support Files/Pods-ElMohaseb Soft/Pods-ElMohaseb Soft.release.xcconfig"; sourceTree = "<group>"; };
		FCD924432FDE74A1206CEAD7 /* Pods_ElMohaseb_Soft.framework */ = {isa = PBXFileReference; explicitFileType = wrapper.framework; includeInIndex = 0; path = Pods_ElMohaseb_Soft.framework; sourceTree = BUILT_PRODUCTS_DIR; };
/* End PBXFileReference section */

/* Begin PBXFrameworksBuildPhase section */
		D35FFD44254D7C51006F8654 /* Frameworks */ = {
			isa = PBXFrameworksBuildPhase;
			buildActionMask = 2147483647;
			files = (
				9FDD9A92832B9A030C62704A /* Pods_ElMohaseb_Soft.framework in Frameworks */,
			);
			runOnlyForDeploymentPostprocessing = 0;
		};
/* End PBXFrameworksBuildPhase section */

/* Begin PBXGroup section */
		48D6C35AA892AFF919B54502 /* Pods */ = {
			isa = PBXGroup;
			children = (
				9F6644746E90C0585E46BF72 /* Pods-ElMohaseb Soft.debug.xcconfig */,
				E404D5B0FED93E2E7FF86B4C /* Pods-ElMohaseb Soft.release.xcconfig */,
			);
			path = Pods;
			sourceTree = "<group>";
		};
		D33551FE254EB86200F3732A /* Cell */ = {
			isa = PBXGroup;
			children = (
				D33551FF254EC1DE00F3732A /* ReseteCell.swift */,
				D3355200254EC1DE00F3732A /* ReseteCell.xib */,
				D3355213254F220B00F3732A /* ProductsCell.swift */,
				D3355214254F220B00F3732A /* ProductsCell.xib */,
			);
			path = Cell;
			sourceTree = "<group>";
		};
		D3355203254ED06A00F3732A /* Library */ = {
			isa = PBXGroup;
			children = (
				D3355204254ED0C700F3732A /* Tools.swift */,
				D3355211254EE9A300F3732A /* color.swift */,
			);
			path = Library;
			sourceTree = "<group>";
		};
		D335520A254ED35000F3732A /* Data */ = {
			isa = PBXGroup;
			children = (
				D335520B254ED36900F3732A /* Reports.swift */,
				D3355217254F248700F3732A /* Products.swift */,
				D35DF955255FC1B70070C1DC /* AmmountProducts.swift */,
			);
			path = Data;
			sourceTree = "<group>";
		};
		D34C7F352552DC3D00123868 /* Firebase Networking */ = {
			isa = PBXGroup;
			children = (
				D34C7F362552DCBD00123868 /* Firebase.swift */,
			);
			path = "Firebase Networking";
			sourceTree = "<group>";
		};
		D35FFD3E254D7C51006F8654 = {
			isa = PBXGroup;
			children = (
				D35FFD49254D7C51006F8654 /* ElMohaseb Soft */,
				D35FFD48254D7C51006F8654 /* Products */,
				48D6C35AA892AFF919B54502 /* Pods */,
				E0DCB687AF9D1094AF3EA75B /* Frameworks */,
			);
			sourceTree = "<group>";
		};
		D35FFD48254D7C51006F8654 /* Products */ = {
			isa = PBXGroup;
			children = (
				D35FFD47254D7C51006F8654 /* ElMohaseb Soft.app */,
			);
			name = Products;
			sourceTree = "<group>";
		};
		D35FFD49254D7C51006F8654 /* ElMohaseb Soft */ = {
			isa = PBXGroup;
			children = (
				D35FFD61254D7D15006F8654 /* AppDelegate */,
				D3355203254ED06A00F3732A /* Library */,
				D34C7F352552DC3D00123868 /* Firebase Networking */,
				D335520A254ED35000F3732A /* Data */,
				D35FFD62254D7D2C006F8654 /* Controllers */,
				D35FFD63254D7D44006F8654 /* Views */,
				D35FFD64254D7DAD006F8654 /* Resources */,
			);
			path = "ElMohaseb Soft";
			sourceTree = "<group>";
		};
		D35FFD61254D7D15006F8654 /* AppDelegate */ = {
			isa = PBXGroup;
			children = (
				D35FFD4A254D7C51006F8654 /* AppDelegate.swift */,
			);
			path = AppDelegate;
			sourceTree = "<group>";
		};
		D35FFD62254D7D2C006F8654 /* Controllers */ = {
			isa = PBXGroup;
			children = (
				D37F04F22551A62600745E03 /* LoginViewController.swift */,
				D37F04F42551A64100745E03 /* LoginView.swift */,
				D37F04F62551A7C900745E03 /* SignupViewController.swift */,
				D37F04F82551A7DB00745E03 /* SignupView.swift */,
				D35FFD4E254D7C51006F8654 /* HomeViewController.swift */,
				D3355206254ED1A700F3732A /* SalesHomeViewController.swift */,
				D3355208254ED1D200F3732A /* HomeSalesView.swift */,
				D335520D254EE20900F3732A /* AddSaleViewController.swift */,
				D335520F254EE23000F3732A /* AddSaleView.swift */,
				D3355219254F383500F3732A /* AddProductsViewController.swift */,
				D335521B254F385600F3732A /* AddProductsView.swift */,
				D381ED6D2572966200420E71 /* BuyingViewController.swift */,
				D381ED70257296A100420E71 /* BuyingView.swift */,
				D3E62D0725779AD0007E674C /* AddBuyingViewController.swift */,
				D3E62D0A25779D2B007E674C /* AddBuyingView.swift */,
				D3E62D0D2577A17E007E674C /* AddBuyingProductsViewController.swift */,
				D3E62D102577A2E2007E674C /* AddBuyingProductsView.swift */,
			);
			path = Controllers;
			sourceTree = "<group>";
		};
		D35FFD63254D7D44006F8654 /* Views */ = {
			isa = PBXGroup;
			children = (
				D35FFD50254D7C51006F8654 /* Main.storyboard */,
				D35FFD58254D7C66006F8654 /* LaunchScreen.storyboard */,
				D33551FE254EB86200F3732A /* Cell */,
			);
			path = Views;
			sourceTree = "<group>";
		};
		D35FFD64254D7DAD006F8654 /* Resources */ = {
			isa = PBXGroup;
			children = (
				D34C7F332552CAB800123868 /* GoogleService-Info.plist */,
				D35FFD56254D7C66006F8654 /* Assets.xcassets */,
				D35FFD5B254D7C66006F8654 /* Info.plist */,
				D35FFD53254D7C51006F8654 /* ElMohaseb_Soft.xcdatamodeld */,
			);
			path = Resources;
			sourceTree = "<group>";
		};
		E0DCB687AF9D1094AF3EA75B /* Frameworks */ = {
			isa = PBXGroup;
			children = (
				FCD924432FDE74A1206CEAD7 /* Pods_ElMohaseb_Soft.framework */,
			);
			name = Frameworks;
			sourceTree = "<group>";
		};
/* End PBXGroup section */

/* Begin PBXNativeTarget section */
		D35FFD46254D7C51006F8654 /* ElMohaseb Soft */ = {
			isa = PBXNativeTarget;
			buildConfigurationList = D35FFD5E254D7C66006F8654 /* Build configuration list for PBXNativeTarget "ElMohaseb Soft" */;
			buildPhases = (
				C7F4E5DD9712E2C56EA383FE /* [CP] Check Pods Manifest.lock */,
				D35FFD43254D7C51006F8654 /* Sources */,
				D35FFD44254D7C51006F8654 /* Frameworks */,
				D35FFD45254D7C51006F8654 /* Resources */,
				84062CE19097C49111AE542B /* [CP] Embed Pods Frameworks */,
			);
			buildRules = (
			);
			dependencies = (
			);
			name = "ElMohaseb Soft";
			productName = "ElMohaseb Soft";
			productReference = D35FFD47254D7C51006F8654 /* ElMohaseb Soft.app */;
			productType = "com.apple.product-type.application";
		};
/* End PBXNativeTarget section */

/* Begin PBXProject section */
		D35FFD3F254D7C51006F8654 /* Project object */ = {
			isa = PBXProject;
			attributes = {
				LastSwiftUpdateCheck = 1130;
				LastUpgradeCheck = 1220;
				ORGANIZATIONNAME = "Mohamed Ali";
				TargetAttributes = {
					D35FFD46254D7C51006F8654 = {
						CreatedOnToolsVersion = 11.3;
					};
				};
			};
			buildConfigurationList = D35FFD42254D7C51006F8654 /* Build configuration list for PBXProject "ElMohaseb Soft" */;
			compatibilityVersion = "Xcode 9.3";
			developmentRegion = en;
			hasScannedForEncodings = 0;
			knownRegions = (
				en,
				Base,
			);
			mainGroup = D35FFD3E254D7C51006F8654;
			productRefGroup = D35FFD48254D7C51006F8654 /* Products */;
			projectDirPath = "";
			projectRoot = "";
			targets = (
				D35FFD46254D7C51006F8654 /* ElMohaseb Soft */,
			);
		};
/* End PBXProject section */

/* Begin PBXResourcesBuildPhase section */
		D35FFD45254D7C51006F8654 /* Resources */ = {
			isa = PBXResourcesBuildPhase;
			buildActionMask = 2147483647;
			files = (
				D3355216254F220B00F3732A /* ProductsCell.xib in Resources */,
				D35FFD5A254D7C66006F8654 /* LaunchScreen.storyboard in Resources */,
				D35FFD57254D7C66006F8654 /* Assets.xcassets in Resources */,
				D35FFD52254D7C51006F8654 /* Main.storyboard in Resources */,
				D3355202254EC1DE00F3732A /* ReseteCell.xib in Resources */,
				D34C7F342552CAB800123868 /* GoogleService-Info.plist in Resources */,
			);
			runOnlyForDeploymentPostprocessing = 0;
		};
/* End PBXResourcesBuildPhase section */

/* Begin PBXShellScriptBuildPhase section */
		84062CE19097C49111AE542B /* [CP] Embed Pods Frameworks */ = {
			isa = PBXShellScriptBuildPhase;
			buildActionMask = 2147483647;
			files = (
			);
			inputFileListPaths = (
				"${PODS_ROOT}/Target Support Files/Pods-ElMohaseb Soft/Pods-ElMohaseb Soft-frameworks-${CONFIGURATION}-input-files.xcfilelist",
			);
			name = "[CP] Embed Pods Frameworks";
			outputFileListPaths = (
				"${PODS_ROOT}/Target Support Files/Pods-ElMohaseb Soft/Pods-ElMohaseb Soft-frameworks-${CONFIGURATION}-output-files.xcfilelist",
			);
			runOnlyForDeploymentPostprocessing = 0;
			shellPath = /bin/sh;
			shellScript = "\"${PODS_ROOT}/Target Support Files/Pods-ElMohaseb Soft/Pods-ElMohaseb Soft-frameworks.sh\"\n";
			showEnvVarsInLog = 0;
		};
		C7F4E5DD9712E2C56EA383FE /* [CP] Check Pods Manifest.lock */ = {
			isa = PBXShellScriptBuildPhase;
			buildActionMask = 2147483647;
			files = (
			);
			inputFileListPaths = (
			);
			inputPaths = (
				"${PODS_PODFILE_DIR_PATH}/Podfile.lock",
				"${PODS_ROOT}/Manifest.lock",
			);
			name = "[CP] Check Pods Manifest.lock";
			outputFileListPaths = (
			);
			outputPaths = (
				"$(DERIVED_FILE_DIR)/Pods-ElMohaseb Soft-checkManifestLockResult.txt",
			);
			runOnlyForDeploymentPostprocessing = 0;
			shellPath = /bin/sh;
			shellScript = "diff \"${PODS_PODFILE_DIR_PATH}/Podfile.lock\" \"${PODS_ROOT}/Manifest.lock\" > /dev/null\nif [ $? != 0 ] ; then\n    # print error to STDERR\n    echo \"error: The sandbox is not in sync with the Podfile.lock. Run 'pod install' or update your CocoaPods installation.\" >&2\n    exit 1\nfi\n# This output is used by Xcode 'outputs' to avoid re-running this script phase.\necho \"SUCCESS\" > \"${SCRIPT_OUTPUT_FILE_0}\"\n";
			showEnvVarsInLog = 0;
		};
/* End PBXShellScriptBuildPhase section */

/* Begin PBXSourcesBuildPhase section */
		D35FFD43254D7C51006F8654 /* Sources */ = {
			isa = PBXSourcesBuildPhase;
			buildActionMask = 2147483647;
			files = (
				D35DF956255FC1B80070C1DC /* AmmountProducts.swift in Sources */,
				D37F04F92551A7DB00745E03 /* SignupView.swift in Sources */,
				D37F04F72551A7C900745E03 /* SignupViewController.swift in Sources */,
				D335521A254F383500F3732A /* AddProductsViewController.swift in Sources */,
				D35FFD4F254D7C51006F8654 /* HomeViewController.swift in Sources */,
				D35FFD4B254D7C51006F8654 /* AppDelegate.swift in Sources */,
				D335520E254EE20900F3732A /* AddSaleViewController.swift in Sources */,
				D3E62D0B25779D2B007E674C /* AddBuyingView.swift in Sources */,
				D3E62D0E2577A17E007E674C /* AddBuyingProductsViewController.swift in Sources */,
				D3355207254ED1A700F3732A /* SalesHomeViewController.swift in Sources */,
				D35FFD55254D7C51006F8654 /* ElMohaseb_Soft.xcdatamodeld in Sources */,
				D381ED71257296A100420E71 /* BuyingView.swift in Sources */,
				D3355215254F220B00F3732A /* ProductsCell.swift in Sources */,
				D3355201254EC1DE00F3732A /* ReseteCell.swift in Sources */,
				D34C7F372552DCBD00123868 /* Firebase.swift in Sources */,
				D335521C254F385600F3732A /* AddProductsView.swift in Sources */,
				D3E62D0825779AD1007E674C /* AddBuyingViewController.swift in Sources */,
				D3355218254F248700F3732A /* Products.swift in Sources */,
				D37F04F52551A64100745E03 /* LoginView.swift in Sources */,
				D3355205254ED0C700F3732A /* Tools.swift in Sources */,
				D3E62D112577A2E2007E674C /* AddBuyingProductsView.swift in Sources */,
				D3355212254EE9A300F3732A /* color.swift in Sources */,
				D37F04F32551A62600745E03 /* LoginViewController.swift in Sources */,
				D381ED6E2572966200420E71 /* BuyingViewController.swift in Sources */,
				D3355209254ED1D200F3732A /* HomeSalesView.swift in Sources */,
				D335520C254ED36900F3732A /* Reports.swift in Sources */,
				D3355210254EE23000F3732A /* AddSaleView.swift in Sources */,
			);
			runOnlyForDeploymentPostprocessing = 0;
		};
/* End PBXSourcesBuildPhase section */

/* Begin PBXVariantGroup section */
		D35FFD50254D7C51006F8654 /* Main.storyboard */ = {
			isa = PBXVariantGroup;
			children = (
				D35FFD51254D7C51006F8654 /* Base */,
			);
			name = Main.storyboard;
			sourceTree = "<group>";
		};
		D35FFD58254D7C66006F8654 /* LaunchScreen.storyboard */ = {
			isa = PBXVariantGroup;
			children = (
				D35FFD59254D7C66006F8654 /* Base */,
			);
			name = LaunchScreen.storyboard;
			sourceTree = "<group>";
		};
/* End PBXVariantGroup section */

/* Begin XCBuildConfiguration section */
		D35FFD5C254D7C66006F8654 /* Debug */ = {
			isa = XCBuildConfiguration;
			buildSettings = {
				ALWAYS_SEARCH_USER_PATHS = NO;
				CLANG_ANALYZER_NONNULL = YES;
				CLANG_ANALYZER_NUMBER_OBJECT_CONVERSION = YES_AGGRESSIVE;
				CLANG_CXX_LANGUAGE_STANDARD = "gnu++14";
				CLANG_CXX_LIBRARY = "libc++";
				CLANG_ENABLE_MODULES = YES;
				CLANG_ENABLE_OBJC_ARC = YES;
				CLANG_ENABLE_OBJC_WEAK = YES;
				CLANG_WARN_BLOCK_CAPTURE_AUTORELEASING = YES;
				CLANG_WARN_BOOL_CONVERSION = YES;
				CLANG_WARN_COMMA = YES;
				CLANG_WARN_CONSTANT_CONVERSION = YES;
				CLANG_WARN_DEPRECATED_OBJC_IMPLEMENTATIONS = YES;
				CLANG_WARN_DIRECT_OBJC_ISA_USAGE = YES_ERROR;
				CLANG_WARN_DOCUMENTATION_COMMENTS = YES;
				CLANG_WARN_EMPTY_BODY = YES;
				CLANG_WARN_ENUM_CONVERSION = YES;
				CLANG_WARN_INFINITE_RECURSION = YES;
				CLANG_WARN_INT_CONVERSION = YES;
				CLANG_WARN_NON_LITERAL_NULL_CONVERSION = YES;
				CLANG_WARN_OBJC_IMPLICIT_RETAIN_SELF = YES;
				CLANG_WARN_OBJC_LITERAL_CONVERSION = YES;
				CLANG_WARN_OBJC_ROOT_CLASS = YES_ERROR;
				CLANG_WARN_QUOTED_INCLUDE_IN_FRAMEWORK_HEADER = YES;
				CLANG_WARN_RANGE_LOOP_ANALYSIS = YES;
				CLANG_WARN_STRICT_PROTOTYPES = YES;
				CLANG_WARN_SUSPICIOUS_MOVE = YES;
				CLANG_WARN_UNGUARDED_AVAILABILITY = YES_AGGRESSIVE;
				CLANG_WARN_UNREACHABLE_CODE = YES;
				CLANG_WARN__DUPLICATE_METHOD_MATCH = YES;
				COPY_PHASE_STRIP = NO;
				DEBUG_INFORMATION_FORMAT = dwarf;
				ENABLE_STRICT_OBJC_MSGSEND = YES;
				ENABLE_TESTABILITY = YES;
				GCC_C_LANGUAGE_STANDARD = gnu11;
				GCC_DYNAMIC_NO_PIC = NO;
				GCC_NO_COMMON_BLOCKS = YES;
				GCC_OPTIMIZATION_LEVEL = 0;
				GCC_PREPROCESSOR_DEFINITIONS = (
					"DEBUG=1",
					"$(inherited)",
				);
				GCC_WARN_64_TO_32_BIT_CONVERSION = YES;
				GCC_WARN_ABOUT_RETURN_TYPE = YES_ERROR;
				GCC_WARN_UNDECLARED_SELECTOR = YES;
				GCC_WARN_UNINITIALIZED_AUTOS = YES_AGGRESSIVE;
				GCC_WARN_UNUSED_FUNCTION = YES;
				GCC_WARN_UNUSED_VARIABLE = YES;
				IPHONEOS_DEPLOYMENT_TARGET = 13.2;
				MTL_ENABLE_DEBUG_INFO = INCLUDE_SOURCE;
				MTL_FAST_MATH = YES;
				ONLY_ACTIVE_ARCH = YES;
				SDKROOT = iphoneos;
				SWIFT_ACTIVE_COMPILATION_CONDITIONS = DEBUG;
				SWIFT_OPTIMIZATION_LEVEL = "-Onone";
			};
			name = Debug;
		};
		D35FFD5D254D7C66006F8654 /* Release */ = {
			isa = XCBuildConfiguration;
			buildSettings = {
				ALWAYS_SEARCH_USER_PATHS = NO;
				CLANG_ANALYZER_NONNULL = YES;
				CLANG_ANALYZER_NUMBER_OBJECT_CONVERSION = YES_AGGRESSIVE;
				CLANG_CXX_LANGUAGE_STANDARD = "gnu++14";
				CLANG_CXX_LIBRARY = "libc++";
				CLANG_ENABLE_MODULES = YES;
				CLANG_ENABLE_OBJC_ARC = YES;
				CLANG_ENABLE_OBJC_WEAK = YES;
				CLANG_WARN_BLOCK_CAPTURE_AUTORELEASING = YES;
				CLANG_WARN_BOOL_CONVERSION = YES;
				CLANG_WARN_COMMA = YES;
				CLANG_WARN_CONSTANT_CONVERSION = YES;
				CLANG_WARN_DEPRECATED_OBJC_IMPLEMENTATIONS = YES;
				CLANG_WARN_DIRECT_OBJC_ISA_USAGE = YES_ERROR;
				CLANG_WARN_DOCUMENTATION_COMMENTS = YES;
				CLANG_WARN_EMPTY_BODY = YES;
				CLANG_WARN_ENUM_CONVERSION = YES;
				CLANG_WARN_INFINITE_RECURSION = YES;
				CLANG_WARN_INT_CONVERSION = YES;
				CLANG_WARN_NON_LITERAL_NULL_CONVERSION = YES;
				CLANG_WARN_OBJC_IMPLICIT_RETAIN_SELF = YES;
				CLANG_WARN_OBJC_LITERAL_CONVERSION = YES;
				CLANG_WARN_OBJC_ROOT_CLASS = YES_ERROR;
				CLANG_WARN_QUOTED_INCLUDE_IN_FRAMEWORK_HEADER = YES;
				CLANG_WARN_RANGE_LOOP_ANALYSIS = YES;
				CLANG_WARN_STRICT_PROTOTYPES = YES;
				CLANG_WARN_SUSPICIOUS_MOVE = YES;
				CLANG_WARN_UNGUARDED_AVAILABILITY = YES_AGGRESSIVE;
				CLANG_WARN_UNREACHABLE_CODE = YES;
				CLANG_WARN__DUPLICATE_METHOD_MATCH = YES;
				COPY_PHASE_STRIP = NO;
				DEBUG_INFORMATION_FORMAT = "dwarf-with-dsym";
				ENABLE_NS_ASSERTIONS = NO;
				ENABLE_STRICT_OBJC_MSGSEND = YES;
				GCC_C_LANGUAGE_STANDARD = gnu11;
				GCC_NO_COMMON_BLOCKS = YES;
				GCC_WARN_64_TO_32_BIT_CONVERSION = YES;
				GCC_WARN_ABOUT_RETURN_TYPE = YES_ERROR;
				GCC_WARN_UNDECLARED_SELECTOR = YES;
				GCC_WARN_UNINITIALIZED_AUTOS = YES_AGGRESSIVE;
				GCC_WARN_UNUSED_FUNCTION = YES;
				GCC_WARN_UNUSED_VARIABLE = YES;
				IPHONEOS_DEPLOYMENT_TARGET = 13.2;
				MTL_ENABLE_DEBUG_INFO = NO;
				MTL_FAST_MATH = YES;
				SDKROOT = iphoneos;
				SWIFT_COMPILATION_MODE = wholemodule;
				SWIFT_OPTIMIZATION_LEVEL = "-O";
				VALIDATE_PRODUCT = YES;
			};
			name = Release;
		};
		D35FFD5F254D7C66006F8654 /* Debug */ = {
			isa = XCBuildConfiguration;
			baseConfigurationReference = 9F6644746E90C0585E46BF72 /* Pods-ElMohaseb Soft.debug.xcconfig */;
			buildSettings = {
				ASSETCATALOG_COMPILER_APPICON_NAME = AppIcon;
				CODE_SIGN_STYLE = Automatic;
				DEVELOPMENT_TEAM = X4YZSY77G5;
				INFOPLIST_FILE = "$(SRCROOT)/ElMohaseb Soft/Resources/Info.plist";
				IPHONEOS_DEPLOYMENT_TARGET = 12.0;
				LD_RUNPATH_SEARCH_PATHS = (
					"$(inherited)",
					"@executable_path/Frameworks",
				);
				PRODUCT_BUNDLE_IDENTIFIER = "MyCompany198.ElMohaseb-Soft";
				PRODUCT_NAME = "$(TARGET_NAME)";
				SWIFT_VERSION = 5.0;
				TARGETED_DEVICE_FAMILY = 1;
			};
			name = Debug;
		};
		D35FFD60254D7C66006F8654 /* Release */ = {
			isa = XCBuildConfiguration;
			baseConfigurationReference = E404D5B0FED93E2E7FF86B4C /* Pods-ElMohaseb Soft.release.xcconfig */;
			buildSettings = {
				ASSETCATALOG_COMPILER_APPICON_NAME = AppIcon;
				CODE_SIGN_STYLE = Automatic;
				DEVELOPMENT_TEAM = X4YZSY77G5;
				INFOPLIST_FILE = "$(SRCROOT)/ElMohaseb Soft/Resources/Info.plist";
				IPHONEOS_DEPLOYMENT_TARGET = 12.0;
				LD_RUNPATH_SEARCH_PATHS = (
					"$(inherited)",
					"@executable_path/Frameworks",
				);
				PRODUCT_BUNDLE_IDENTIFIER = "MyCompany198.ElMohaseb-Soft";
				PRODUCT_NAME = "$(TARGET_NAME)";
				SWIFT_VERSION = 5.0;
				TARGETED_DEVICE_FAMILY = 1;
			};
			name = Release;
		};
/* End XCBuildConfiguration section */

/* Begin XCConfigurationList section */
		D35FFD42254D7C51006F8654 /* Build configuration list for PBXProject "ElMohaseb Soft" */ = {
			isa = XCConfigurationList;
			buildConfigurations = (
				D35FFD5C254D7C66006F8654 /* Debug */,
				D35FFD5D254D7C66006F8654 /* Release */,
			);
			defaultConfigurationIsVisible = 0;
			defaultConfigurationName = Release;
		};
		D35FFD5E254D7C66006F8654 /* Build configuration list for PBXNativeTarget "ElMohaseb Soft" */ = {
			isa = XCConfigurationList;
			buildConfigurations = (
				D35FFD5F254D7C66006F8654 /* Debug */,
				D35FFD60254D7C66006F8654 /* Release */,
			);
			defaultConfigurationIsVisible = 0;
			defaultConfigurationName = Release;
		};
/* End XCConfigurationList section */

/* Begin XCVersionGroup section */
		D35FFD53254D7C51006F8654 /* ElMohaseb_Soft.xcdatamodeld */ = {
			isa = XCVersionGroup;
			children = (
				D35FFD54254D7C51006F8654 /* ElMohaseb_Soft.xcdatamodel */,
			);
			currentVersion = D35FFD54254D7C51006F8654 /* ElMohaseb_Soft.xcdatamodel */;
			path = ElMohaseb_Soft.xcdatamodeld;
			sourceTree = "<group>";
			versionGroupType = wrapper.xcdatamodel;
		};
/* End XCVersionGroup section */
	};
	rootObject = D35FFD3F254D7C51006F8654 /* Project object */;
}
